
Microsoft Visual Studio Solution File, Format Version 12.00
# Visual Studio Version 16
VisualStudioVersion = 16.0.30204.135
MinimumVisualStudioVersion = 10.0.40219.1
Project("{FAE04EC0-301F-11D3-BF4B-00C04F79EFBC}") = "TestTaskAlt.Generator", "TestTaskAlt.Generator\TestTaskAlt.Generator.csproj", "{DE3DFED5-BF85-4D09-B01C-5C4246E0215C}"
EndProject
Project("{FAE04EC0-301F-11D3-BF4B-00C04F79EFBC}") = "TestTaskAlt.Sorter", "TestTaskAlt.Sorter\TestTaskAlt.Sorter.csproj", "{797475C1-60B0-45CC-982F-C04021D90289}"
EndProject
Global
	GlobalSection(SolutionConfigurationPlatforms) = preSolution
		Debug|Any CPU = Debug|Any CPU
		Release|Any CPU = Release|Any CPU
	EndGlobalSection
	GlobalSection(ProjectConfigurationPlatforms) = postSolution
		{DE3DFED5-BF85-4D09-B01C-5C4246E0215C}.Debug|Any CPU.ActiveCfg = Debug|Any CPU
		{DE3DFED5-BF85-4D09-B01C-5C4246E0215C}.Debug|Any CPU.Build.0 = Debug|Any CPU
		{DE3DFED5-BF85-4D09-B01C-5C4246E0215C}.Release|Any CPU.ActiveCfg = Release|Any CPU
		{DE3DFED5-BF85-4D09-B01C-5C4246E0215C}.Release|Any CPU.Build.0 = Release|Any CPU
		{797475C1-60B0-45CC-982F-C04021D90289}.Debug|Any CPU.ActiveCfg = Debug|Any CPU
		{797475C1-60B0-45CC-982F-C04021D90289}.Debug|Any CPU.Build.0 = Debug|Any CPU
		{797475C1-60B0-45CC-982F-C04021D90289}.Release|Any CPU.ActiveCfg = Release|Any CPU
		{797475C1-60B0-45CC-982F-C04021D90289}.Release|Any CPU.Build.0 = Release|Any CPU
	EndGlobalSection
	GlobalSection(SolutionProperties) = preSolution
		HideSolutionNode = FALSE
	EndGlobalSection
	GlobalSection(ExtensibilityGlobals) = postSolution
		SolutionGuid = {91554FBC-E6FB-43A4-A71C-267CAE9844B6}
	EndGlobalSection
EndGlobal
